
Microsoft Visual Studio Solution File, Format Version 12.00
# Visual Studio 2015
Project("{FAE04EC0-301F-11D3-BF4B-00C04F79EFBC}") = "wuziqiDemo.CSharp", "wuziqiDemo.CSharp.csproj", "{F78A5932-A203-0B22-D5E2-C984162B97B6}"
EndProject
Global
	GlobalSection(SolutionConfigurationPlatforms) = preSolution
		Debug|Any CPU = Debug|Any CPU
		Release|Any CPU = Release|Any CPU
	EndGlobalSection
	GlobalSection(ProjectConfigurationPlatforms) = postSolution
		{F78A5932-A203-0B22-D5E2-C984162B97B6}.Debug|Any CPU.ActiveCfg = Debug|Any CPU
		{F78A5932-A203-0B22-D5E2-C984162B97B6}.Debug|Any CPU.Build.0 = Debug|Any CPU
		{F78A5932-A203-0B22-D5E2-C984162B97B6}.Release|Any CPU.ActiveCfg = Release|Any CPU
		{F78A5932-A203-0B22-D5E2-C984162B97B6}.Release|Any CPU.Build.0 = Release|Any CPU
	EndGlobalSection
	GlobalSection(SolutionProperties) = preSolution
		HideSolutionNode = FALSE
	EndGlobalSection
EndGlobal
